Microsoft Visual Studio Solution File, Format Version 12.00
# Visual Studio Version 17
VisualStudioVersion = 17.2.32526.322
MinimumVisualStudioVersion = 10.0.40219.1
Project("{9A19103F-16F7-4668-BE54-9A1E7A4F7556}") = "fmp-xtc-file-lib-mvcs", "fmp-xtc-file-lib-mvcs\fmp-xtc-file-lib-mvcs.csproj", "{DCAE11C3-40A7-41A4-8CC7-C2D3AFFFE964}"
EndProject
Project("{9A19103F-16F7-4668-BE54-9A1E7A4F7556}") = "fmp-xtc-file-lib-proto", "fmp-xtc-file-lib-proto\fmp-xtc-file-lib-proto.csproj", "{3B16DD6D-8078-4871-930E-E4B636C421ED}"
EndProject
Project("{9A19103F-16F7-4668-BE54-9A1E7A4F7556}") = "fmp-xtc-file-lib-bridge", "fmp-xtc-file-lib-bridge\fmp-xtc-file-lib-bridge.csproj", "{2973FDAB-1BD6-4441-B14A-2F1E3DAC72CE}"
EndProject
Project("{9A19103F-16F7-4668-BE54-9A1E7A4F7556}") = "fmp-xtc-file-lib-razor", "fmp-xtc-file-lib-razor\fmp-xtc-file-lib-razor.csproj", "{ED83948F-4324-43DB-80F9-FDD34052CE61}"
EndProject
Project("{9A19103F-16F7-4668-BE54-9A1E7A4F7556}") = "fmp-xtc-file-service-grpc", "fmp-xtc-file-service-grpc\fmp-xtc-file-service-grpc.csproj", "{9E34B2C7-D86C-40D9-8034-CC1302375DA4}"
EndProject
Project("{9A19103F-16F7-4668-BE54-9A1E7A4F7556}") = "fmp-xtc-file-service-grpc_Test", "fmp-xtc-file-service-grpc_Test\fmp-xtc-file-service-grpc_Test.csproj", "{249643E4-81AE-4908-B499-CB948D1892E9}"
EndProject
Project("{9A19103F-16F7-4668-BE54-9A1E7A4F7556}") = "fmp-xtc-file-web-blazor", "fmp-xtc-file-web-blazor\fmp-xtc-file-web-blazor.csproj", "{B05E1FA4-0A0A-4889-A9B8-0831518DC080}"
EndProject
Global
	GlobalSection(SolutionConfigurationPlatforms) = preSolution
		Debug|Any CPU = Debug|Any CPU
		Release|Any CPU = Release|Any CPU
	EndGlobalSection
	GlobalSection(ProjectConfigurationPlatforms) = postSolution
		{DCAE11C3-40A7-41A4-8CC7-C2D3AFFFE964}.Debug|Any CPU.ActiveCfg = Debug|Any CPU
		{DCAE11C3-40A7-41A4-8CC7-C2D3AFFFE964}.Debug|Any CPU.Build.0 = Debug|Any CPU
		{DCAE11C3-40A7-41A4-8CC7-C2D3AFFFE964}.Release|Any CPU.ActiveCfg = Release|Any CPU
		{DCAE11C3-40A7-41A4-8CC7-C2D3AFFFE964}.Release|Any CPU.Build.0 = Release|Any CPU
		{3B16DD6D-8078-4871-930E-E4B636C421ED}.Debug|Any CPU.ActiveCfg = Debug|Any CPU
		{3B16DD6D-8078-4871-930E-E4B636C421ED}.Debug|Any CPU.Build.0 = Debug|Any CPU
		{3B16DD6D-8078-4871-930E-E4B636C421ED}.Release|Any CPU.ActiveCfg = Release|Any CPU
		{3B16DD6D-8078-4871-930E-E4B636C421ED}.Release|Any CPU.Build.0 = Release|Any CPU
		{2973FDAB-1BD6-4441-B14A-2F1E3DAC72CE}.Debug|Any CPU.ActiveCfg = Debug|Any CPU
		{2973FDAB-1BD6-4441-B14A-2F1E3DAC72CE}.Debug|Any CPU.Build.0 = Debug|Any CPU
		{2973FDAB-1BD6-4441-B14A-2F1E3DAC72CE}.Release|Any CPU.ActiveCfg = Release|Any CPU
		{2973FDAB-1BD6-4441-B14A-2F1E3DAC72CE}.Release|Any CPU.Build.0 = Release|Any CPU
		{ED83948F-4324-43DB-80F9-FDD34052CE61}.Debug|Any CPU.ActiveCfg = Debug|Any CPU
		{ED83948F-4324-43DB-80F9-FDD34052CE61}.Debug|Any CPU.Build.0 = Debug|Any CPU
		{ED83948F-4324-43DB-80F9-FDD34052CE61}.Release|Any CPU.ActiveCfg = Release|Any CPU
		{ED83948F-4324-43DB-80F9-FDD34052CE61}.Release|Any CPU.Build.0 = Release|Any CPU
		{9E34B2C7-D86C-40D9-8034-CC1302375DA4}.Debug|Any CPU.ActiveCfg = Debug|Any CPU
		{9E34B2C7-D86C-40D9-8034-CC1302375DA4}.Debug|Any CPU.Build.0 = Debug|Any CPU
		{9E34B2C7-D86C-40D9-8034-CC1302375DA4}.Release|Any CPU.ActiveCfg = Release|Any CPU
		{9E34B2C7-D86C-40D9-8034-CC1302375DA4}.Release|Any CPU.Build.0 = Release|Any CPU
		{249643E4-81AE-4908-B499-CB948D1892E9}.Debug|Any CPU.ActiveCfg = Debug|Any CPU
		{249643E4-81AE-4908-B499-CB948D1892E9}.Debug|Any CPU.Build.0 = Debug|Any CPU
		{249643E4-81AE-4908-B499-CB948D1892E9}.Release|Any CPU.ActiveCfg = Release|Any CPU
		{249643E4-81AE-4908-B499-CB948D1892E9}.Release|Any CPU.Build.0 = Release|Any CPU
		{B05E1FA4-0A0A-4889-A9B8-0831518DC080}.Debug|Any CPU.ActiveCfg = Debug|Any CPU
		{B05E1FA4-0A0A-4889-A9B8-0831518DC080}.Debug|Any CPU.Build.0 = Debug|Any CPU
		{B05E1FA4-0A0A-4889-A9B8-0831518DC080}.Release|Any CPU.ActiveCfg = Release|Any CPU
		{B05E1FA4-0A0A-4889-A9B8-0831518DC080}.Release|Any CPU.Build.0 = Release|Any CPU
	EndGlobalSection
	GlobalSection(SolutionProperties) = preSolution
		HideSolutionNode = FALSE
	EndGlobalSection
	GlobalSection(ExtensibilityGlobals) = postSolution
		SolutionGuid = {C24C2E1F-3F36-4412-ACFD-CD2D21089B1E}
	EndGlobalSection
EndGlobal
