Microsoft Visual Studio Solution File, Format Version 12.00
# Visual Studio Version 17
VisualStudioVersion = 17.2.32526.322
MinimumVisualStudioVersion = 10.0.40219.1
Project("{9A19103F-16F7-4668-BE54-9A1E7A4F7556}") = "fmp-xtc-file-lib-mvcs", "fmp-xtc-file-lib-mvcs\fmp-xtc-file-lib-mvcs.csproj", "{CD9FE50D-170E-45D8-AEE3-4115577F3617}"
EndProject
Project("{9A19103F-16F7-4668-BE54-9A1E7A4F7556}") = "fmp-xtc-file-lib-proto", "fmp-xtc-file-lib-proto\fmp-xtc-file-lib-proto.csproj", "{255DF5B3-20C1-461D-85F8-544B2E3E5D7C}"
EndProject
Project("{9A19103F-16F7-4668-BE54-9A1E7A4F7556}") = "fmp-xtc-file-lib-bridge", "fmp-xtc-file-lib-bridge\fmp-xtc-file-lib-bridge.csproj", "{8D5247B9-A77C-4BD8-B48F-8091E1EFBA6E}"
EndProject
Project("{9A19103F-16F7-4668-BE54-9A1E7A4F7556}") = "fmp-xtc-file-lib-razor", "fmp-xtc-file-lib-razor\fmp-xtc-file-lib-razor.csproj", "{2705C9B1-F269-4BBF-B088-34E2B185D3EA}"
EndProject
Project("{9A19103F-16F7-4668-BE54-9A1E7A4F7556}") = "fmp-xtc-file-service-grpc", "fmp-xtc-file-service-grpc\fmp-xtc-file-service-grpc.csproj", "{0778D6C2-BCC3-43A2-9E40-A68FE4AAACB0}"
EndProject
Project("{9A19103F-16F7-4668-BE54-9A1E7A4F7556}") = "fmp-xtc-file-service-grpc_Test", "fmp-xtc-file-service-grpc_Test\fmp-xtc-file-service-grpc_Test.csproj", "{E98AB68B-B7AF-410D-AAD2-E08E1706A586}"
EndProject
Project("{9A19103F-16F7-4668-BE54-9A1E7A4F7556}") = "fmp-xtc-file-web-blazor", "fmp-xtc-file-web-blazor\fmp-xtc-file-web-blazor.csproj", "{50BA4F6E-3E8F-42FA-A331-69AD379B0F24}"
EndProject
Global
	GlobalSection(SolutionConfigurationPlatforms) = preSolution
		Debug|Any CPU = Debug|Any CPU
		Release|Any CPU = Release|Any CPU
	EndGlobalSection
	GlobalSection(ProjectConfigurationPlatforms) = postSolution
		{CD9FE50D-170E-45D8-AEE3-4115577F3617}.Debug|Any CPU.ActiveCfg = Debug|Any CPU
		{CD9FE50D-170E-45D8-AEE3-4115577F3617}.Debug|Any CPU.Build.0 = Debug|Any CPU
		{CD9FE50D-170E-45D8-AEE3-4115577F3617}.Release|Any CPU.ActiveCfg = Release|Any CPU
		{CD9FE50D-170E-45D8-AEE3-4115577F3617}.Release|Any CPU.Build.0 = Release|Any CPU
		{255DF5B3-20C1-461D-85F8-544B2E3E5D7C}.Debug|Any CPU.ActiveCfg = Debug|Any CPU
		{255DF5B3-20C1-461D-85F8-544B2E3E5D7C}.Debug|Any CPU.Build.0 = Debug|Any CPU
		{255DF5B3-20C1-461D-85F8-544B2E3E5D7C}.Release|Any CPU.ActiveCfg = Release|Any CPU
		{255DF5B3-20C1-461D-85F8-544B2E3E5D7C}.Release|Any CPU.Build.0 = Release|Any CPU
		{8D5247B9-A77C-4BD8-B48F-8091E1EFBA6E}.Debug|Any CPU.ActiveCfg = Debug|Any CPU
		{8D5247B9-A77C-4BD8-B48F-8091E1EFBA6E}.Debug|Any CPU.Build.0 = Debug|Any CPU
		{8D5247B9-A77C-4BD8-B48F-8091E1EFBA6E}.Release|Any CPU.ActiveCfg = Release|Any CPU
		{8D5247B9-A77C-4BD8-B48F-8091E1EFBA6E}.Release|Any CPU.Build.0 = Release|Any CPU
		{2705C9B1-F269-4BBF-B088-34E2B185D3EA}.Debug|Any CPU.ActiveCfg = Debug|Any CPU
		{2705C9B1-F269-4BBF-B088-34E2B185D3EA}.Debug|Any CPU.Build.0 = Debug|Any CPU
		{2705C9B1-F269-4BBF-B088-34E2B185D3EA}.Release|Any CPU.ActiveCfg = Release|Any CPU
		{2705C9B1-F269-4BBF-B088-34E2B185D3EA}.Release|Any CPU.Build.0 = Release|Any CPU
		{0778D6C2-BCC3-43A2-9E40-A68FE4AAACB0}.Debug|Any CPU.ActiveCfg = Debug|Any CPU
		{0778D6C2-BCC3-43A2-9E40-A68FE4AAACB0}.Debug|Any CPU.Build.0 = Debug|Any CPU
		{0778D6C2-BCC3-43A2-9E40-A68FE4AAACB0}.Release|Any CPU.ActiveCfg = Release|Any CPU
		{0778D6C2-BCC3-43A2-9E40-A68FE4AAACB0}.Release|Any CPU.Build.0 = Release|Any CPU
		{E98AB68B-B7AF-410D-AAD2-E08E1706A586}.Debug|Any CPU.ActiveCfg = Debug|Any CPU
		{E98AB68B-B7AF-410D-AAD2-E08E1706A586}.Debug|Any CPU.Build.0 = Debug|Any CPU
		{E98AB68B-B7AF-410D-AAD2-E08E1706A586}.Release|Any CPU.ActiveCfg = Release|Any CPU
		{E98AB68B-B7AF-410D-AAD2-E08E1706A586}.Release|Any CPU.Build.0 = Release|Any CPU
		{50BA4F6E-3E8F-42FA-A331-69AD379B0F24}.Debug|Any CPU.ActiveCfg = Debug|Any CPU
		{50BA4F6E-3E8F-42FA-A331-69AD379B0F24}.Debug|Any CPU.Build.0 = Debug|Any CPU
		{50BA4F6E-3E8F-42FA-A331-69AD379B0F24}.Release|Any CPU.ActiveCfg = Release|Any CPU
		{50BA4F6E-3E8F-42FA-A331-69AD379B0F24}.Release|Any CPU.Build.0 = Release|Any CPU
	EndGlobalSection
	GlobalSection(SolutionProperties) = preSolution
		HideSolutionNode = FALSE
	EndGlobalSection
	GlobalSection(ExtensibilityGlobals) = postSolution
		SolutionGuid = {47E01CC6-5D8B-433E-B468-4015E1A0B7BA}
	EndGlobalSection
EndGlobal
